{
  "name": "restaurants_plats_v1",
  "lockfileVersion": 3,
  "requires": true,
  "packages": {
    "": {
      "dependencies": {
        "@stripe/stripe-js": "^4.0.0"
      }
    },
    "node_modules/@stripe/stripe-js": {
      "version": "4.0.0",
      "resolved": "https://registry.npmjs.org/@stripe/stripe-js/-/stripe-js-4.0.0.tgz",
      "integrity": "sha512-R5zewuzTVPGn4dXkavbgDk8vSILkT5hRlzga10p6JzngR17qKi1fgc27kl58TmaVvgBZGngTRNH2j9kYdvfPGA==",
      "engines": {
        "node": ">=12.16"
      }
    }
  }
}
